{
  "name": "staruml-dmmf-importer",
  "version": "1.0.0",
  "lockfileVersion": 3,
  "requires": true,
  "packages": {
    "": {
      "name": "staruml-dmmf-importer",
      "version": "1.0.0",
      "license": "MIT",
      "dependencies": {
        "@prisma/generator-helper": "^7.9.1"
      }
    },
    "node_modules/@prisma/debug": {
      "version": "7.9.1",
      "resolved": "https://registry.npmjs.org/@prisma/debug/-/debug-7.9.1.tgz",
      "integrity": "sha512-/cpVZ4itxtcgB8GHBvZtcmuEjq+lWsLrRJxFMbwZrT1RIdtuKmUm7PPGo/wzfbYpBrk+9WmmBE8CHJw2rybKDQ=="
    },
    "node_modules/@prisma/dmmf": {
      "version": "7.9.1",
      "resolved": "https://registry.npmjs.org/@prisma/dmmf/-/dmmf-7.9.1.tgz",
      "integrity": "sha512-pN0i19C8OZwiOBum2ZcIQZqMN0mfNjKp4APrDZcAFtUAgoY7oTF9IjF8HwL6WNYjO5pNW+v1yyLrUvs7U2Vjhg=="
    },
    "node_modules/@prisma/generator": {
      "version": "7.9.1",
      "resolved": "https://registry.npmjs.org/@prisma/generator/-/generator-7.9.1.tgz",
      "integrity": "sha512-zCZSJW8nElZpZZiCkPTrZGhKuW8hTd4qlcsQDHAd7+D5E9KeeSap0o+/iCa09UrtF45tJPfUK/SVHAnZO6fLHw=="
    },
    "node_modules/@prisma/generator-helper": {
      "version": "7.9.1",
      "resolved": "https://registry.npmjs.org/@prisma/generator-helper/-/generator-helper-7.9.1.tgz",
      "integrity": "sha512-VsBA5PJ0itmF+b90EziGEE6s/PS2LJMkwe7RDfOjeswy+12AjgE9NTcOkSthAodo6huWsarL6gT0HE20HmccNQ==",
      "dependencies": {
        "@prisma/debug": "7.9.1",
        "@prisma/dmmf": "7.9.1",
        "@prisma/generator": "7.9.1"
      }
    }
  }
}
